
Microsoft Visual Studio Solution File, Format Version 12.00
# Visual Studio Version 17
VisualStudioVersion = 17.12.35707.178 d17.12
MinimumVisualStudioVersion = 10.0.40219.1
Project("{FAE04EC0-301F-11D3-BF4B-00C04F79EFBC}") = "Examen_06", "Examen_06.csproj", "{41B433F6-DD4E-4531-B18A-4EBB893E3512}"
EndProject
Project("{FAE04EC0-301F-11D3-BF4B-00C04F79EFBC}") = "Domain", "..\Domain\Domain.csproj", "{E9304F8F-0850-453B-82D9-B858144C1CE6}"
EndProject
Project("{FAE04EC0-301F-11D3-BF4B-00C04F79EFBC}") = "Services", "..\Services\Services.csproj", "{9EAAD9EC-52D8-4C1F-A1FF-14A5849E210E}"
EndProject
Project("{FAE04EC0-301F-11D3-BF4B-00C04F79EFBC}") = "Infraestructure", "..\Infraestructure\Infraestructure.csproj", "{3DE077C8-CD3D-4D07-9E00-4660ABCD17E9}"
EndProject
Global
	GlobalSection(SolutionConfigurationPlatforms) = preSolution
		Debug|Any CPU = Debug|Any CPU
		Release|Any CPU = Release|Any CPU
	EndGlobalSection
	GlobalSection(ProjectConfigurationPlatforms) = postSolution
		{41B433F6-DD4E-4531-B18A-4EBB893E3512}.Debug|Any CPU.ActiveCfg = Debug|Any CPU
		{41B433F6-DD4E-4531-B18A-4EBB893E3512}.Debug|Any CPU.Build.0 = Debug|Any CPU
		{41B433F6-DD4E-4531-B18A-4EBB893E3512}.Release|Any CPU.ActiveCfg = Release|Any CPU
		{41B433F6-DD4E-4531-B18A-4EBB893E3512}.Release|Any CPU.Build.0 = Release|Any CPU
		{E9304F8F-0850-453B-82D9-B858144C1CE6}.Debug|Any CPU.ActiveCfg = Debug|Any CPU
		{E9304F8F-0850-453B-82D9-B858144C1CE6}.Debug|Any CPU.Build.0 = Debug|Any CPU
		{E9304F8F-0850-453B-82D9-B858144C1CE6}.Release|Any CPU.ActiveCfg = Release|Any CPU
		{E9304F8F-0850-453B-82D9-B858144C1CE6}.Release|Any CPU.Build.0 = Release|Any CPU
		{9EAAD9EC-52D8-4C1F-A1FF-14A5849E210E}.Debug|Any CPU.ActiveCfg = Debug|Any CPU
		{9EAAD9EC-52D8-4C1F-A1FF-14A5849E210E}.Debug|Any CPU.Build.0 = Debug|Any CPU
		{9EAAD9EC-52D8-4C1F-A1FF-14A5849E210E}.Release|Any CPU.ActiveCfg = Release|Any CPU
		{9EAAD9EC-52D8-4C1F-A1FF-14A5849E210E}.Release|Any CPU.Build.0 = Release|Any CPU
		{3DE077C8-CD3D-4D07-9E00-4660ABCD17E9}.Debug|Any CPU.ActiveCfg = Debug|Any CPU
		{3DE077C8-CD3D-4D07-9E00-4660ABCD17E9}.Debug|Any CPU.Build.0 = Debug|Any CPU
		{3DE077C8-CD3D-4D07-9E00-4660ABCD17E9}.Release|Any CPU.ActiveCfg = Release|Any CPU
		{3DE077C8-CD3D-4D07-9E00-4660ABCD17E9}.Release|Any CPU.Build.0 = Release|Any CPU
	EndGlobalSection
	GlobalSection(SolutionProperties) = preSolution
		HideSolutionNode = FALSE
	EndGlobalSection
EndGlobal
